
Microsoft Visual Studio Solution File, Format Version 11.00
# Visual Studio 2010
Project("{2150E333-8FDC-42A3-9474-1A3956D46DE8}") = "Common", "Common", "{3233E847-10DF-45ED-83A7-FFAC95666C1A}"
EndProject
Project("{2150E333-8FDC-42A3-9474-1A3956D46DE8}") = "DLL's", "DLL's", "{3B0B471E-E4A7-4FEF-8CB4-B0A1BD3E13AE}"
	ProjectSection(SolutionItems) = preProject
		..\..\Source\TMSrv\DecompiledFunctions.h = ..\..\Source\TMSrv\DecompiledFunctions.h
		..\..\Source\TMSrv\ItemEffect.h = ..\..\Source\TMSrv\ItemEffect.h
		..\..\Source\TMSrv\NativeFunctions.h = ..\..\Source\TMSrv\NativeFunctions.h
		..\..\Source\TMSrv\NativeFunctionsPtr0x.h = ..\..\Source\TMSrv\NativeFunctionsPtr0x.h
	EndProjectSection
EndProject
Project("{2150E333-8FDC-42A3-9474-1A3956D46DE8}") = "Projects", "Projects", "{FFF77264-5F13-4B1A-8AAB-FBAD0380E6CE}"
EndProject
Project("{2150E333-8FDC-42A3-9474-1A3956D46DE8}") = "Headers", "Headers", "{D8FFE3CD-0E62-41F0-BC7B-EB85503455F9}"
	ProjectSection(SolutionItems) = preProject
		..\..\Source\Common\Console.h = ..\..\Source\Common\Console.h
		..\..\Source\Common\DefaultEncDecInfoV754.h = ..\..\Source\Common\DefaultEncDecInfoV754.h
		..\..\Source\Common\PacketStruct.h = ..\..\Source\Common\PacketStruct.h
		..\..\Source\Common\PE_Hook.h = ..\..\Source\Common\PE_Hook.h
		..\..\Source\Common\st_Base.h = ..\..\Source\Common\st_Base.h
	EndProjectSection
EndProject
Project("{8BC9CEB8-8B4A-11D0-8D11-00A0C91BC942}") = "Core", "Projects\Common\Core\Core.vcxproj", "{C57DE435-96D9-4BEA-966A-602C97FE6CE2}"
EndProject
Project("{8BC9CEB8-8B4A-11D0-8D11-00A0C91BC942}") = "SecretsOfDestinyTM", "Projects\TMSrv\TMSrv_PacketProtocolV754\TMSrv_PacketProtocolV754.vcxproj", "{A459CDD9-DFE3-44A7-B6D8-FA25F3C2BA25}"
EndProject
Project("{8BC9CEB8-8B4A-11D0-8D11-00A0C91BC942}") = "SecretsOfDestinyDB", "Projects\DBSrv\DBSrv_PacketProtocolV754\DBSrv_PacketProtocolV754.vcxproj", "{89D78363-D935-483F-BBC8-44E35297E110}"
EndProject
Project("{2150E333-8FDC-42A3-9474-1A3956D46DE8}") = "Emulation", "Emulation", "{5F50E429-86D1-4FAC-8B99-1A49CA39AF59}"
EndProject
Project("{8BC9CEB8-8B4A-11D0-8D11-00A0C91BC942}") = "DBSod", "DBSod\DBSod.vcxproj", "{479A4DAF-419B-49DD-B569-D3F9710B7407}"
EndProject
Project("{8BC9CEB8-8B4A-11D0-8D11-00A0C91BC942}") = "GMSod", "TMSod\TMSod.vcxproj", "{7A2A0DAF-C2F2-4166-A5BC-EF3CC5446ECB}"
EndProject
Project("{2150E333-8FDC-42A3-9474-1A3956D46DE8}") = "Descompilação", "Descompilação", "{A1A9C601-9D1B-4397-93C0-62C30AB633A7}"
	ProjectSection(SolutionItems) = preProject
		..\..\Descompilação\ApplyHpErickMota-UWQZKEwY.txt = ..\..\Descompilação\ApplyHpErickMota-UWQZKEwY.txt
		..\..\Descompilação\ApplyMpErickMota-baJDbCmq.txt = ..\..\Descompilação\ApplyMpErickMota-baJDbCmq.txt
		..\..\Descompilação\BASEApplyAttributeGuiCan-GbW3tFN6.txt = ..\..\Descompilação\BASEApplyAttributeGuiCan-GbW3tFN6.txt
		..\..\Descompilação\BASECanCargoGuiCan-fgXjc9xS.txt = ..\..\Descompilação\BASECanCargoGuiCan-fgXjc9xS.txt
		..\..\Descompilação\BASECanCarryGuiCan-8AXBxrwR.txt = ..\..\Descompilação\BASECanCarryGuiCan-8AXBxrwR.txt
		..\..\Descompilação\BASECanEquipGuiCan-8dFJYABu.txt = ..\..\Descompilação\BASECanEquipGuiCan-8dFJYABu.txt
		..\..\Descompilação\BASECanTradeFodex3-JVZzCMwu.txt = ..\..\Descompilação\BASECanTradeFodex3-JVZzCMwu.txt
		..\..\Descompilação\BASECanTradeGuiCan-yufEXnQV.txt = ..\..\Descompilação\BASECanTradeGuiCan-yufEXnQV.txt
		..\..\Descompilação\BASECheckHangulGuiCan-BFA9u3kf.txt = ..\..\Descompilação\BASECheckHangulGuiCan-BFA9u3kf.txt
		..\..\Descompilação\BASECheckPacketAgateOwnzCB-FMHxQpCd.txt = ..\..\Descompilação\BASECheckPacketAgateOwnzCB-FMHxQpCd.txt
		..\..\Descompilação\BASECheckValidStringGuiCan-Mx0nt7Ci.txt = ..\..\Descompilação\BASECheckValidStringGuiCan-Mx0nt7Ci.txt
		..\..\Descompilação\BASEClearItemGuiCan-i3CUvGJx.txt = ..\..\Descompilação\BASEClearItemGuiCan-i3CUvGJx.txt
		..\..\Descompilação\BASEClearMobGuiCan-haBCe1nt.txt = ..\..\Descompilação\BASEClearMobGuiCan-haBCe1nt.txt
		..\..\Descompilação\BASEGetAccuracyRateshepher-6TCFLRPY.txt = ..\..\Descompilação\BASEGetAccuracyRateshepher-6TCFLRPY.txt
		..\..\Descompilação\BASEGetArenaGuiCan-gW2n4nUU.txt = ..\..\Descompilação\BASEGetArenaGuiCan-gW2n4nUU.txt
		..\..\Descompilação\BASEGetBonusItemAbilityGuiCan-u19h7ba4.txt = ..\..\Descompilação\BASEGetBonusItemAbilityGuiCan-u19h7ba4.txt
		..\..\Descompilação\BASEGetBonusItemAbilityNosancGuiCan-eE54aZ22.txt = ..\..\Descompilação\BASEGetBonusItemAbilityNosancGuiCan-eE54aZ22.txt
		..\..\Descompilação\BASEGetBonusScorePointGuiCan-uHscigi2.txt = ..\..\Descompilação\BASEGetBonusScorePointGuiCan-uHscigi2.txt
		..\..\Descompilação\BASEGetBonusSkillPointGuiCan-raiQ461Z.txt = ..\..\Descompilação\BASEGetBonusSkillPointGuiCan-raiQ461Z.txt
		..\..\Descompilação\BASEGetCurrentScoreGuiCan-2XLuPmX9.txt = ..\..\Descompilação\BASEGetCurrentScoreGuiCan-2XLuPmX9.txt
		..\..\Descompilação\BASEGetDamageGuiCan-qpGkaJLD.txt = ..\..\Descompilação\BASEGetDamageGuiCan-qpGkaJLD.txt
		..\..\Descompilação\BASEGetDistanceshepher-MgQC7MaQ.txt = ..\..\Descompilação\BASEGetDistanceshepher-MgQC7MaQ.txt
		..\..\Descompilação\BASEGetFirstKeyGuiCan-cMYxPyxL.txt = ..\..\Descompilação\BASEGetFirstKeyGuiCan-cMYxPyxL.txt
		..\..\Descompilação\BASEGetGrowthRateGuiCan-mALwdNPk.txt = ..\..\Descompilação\BASEGetGrowthRateGuiCan-mALwdNPk.txt
		..\..\Descompilação\BASEGetGuildGuiCan-aJWRcaLb.txt = ..\..\Descompilação\BASEGetGuildGuiCan-aJWRcaLb.txt
		..\..\Descompilação\BASEGetGuildGuiCan-Kh5t9Kvp.txt = ..\..\Descompilação\BASEGetGuildGuiCan-Kh5t9Kvp.txt
		..\..\Descompilação\BASEGetGuildNameGuiCan-cND5cxkq.txt = ..\..\Descompilação\BASEGetGuildNameGuiCan-cND5cxkq.txt
		..\..\Descompilação\BASEGetIndexGuiCan-gwGqmX5N.txt = ..\..\Descompilação\BASEGetIndexGuiCan-gwGqmX5N.txt
		..\..\Descompilação\BASEGetItemAbilityGuiCan-pHKcv3Du.txt = ..\..\Descompilação\BASEGetItemAbilityGuiCan-pHKcv3Du.txt
		..\..\Descompilação\BASEGetItemAbilityNosancGuiCan-mUN0qbrV.txt = ..\..\Descompilação\BASEGetItemAbilityNosancGuiCan-mUN0qbrV.txt
		..\..\Descompilação\BASEGetItemAmountGuiCan-t712PM7d.txt = ..\..\Descompilação\BASEGetItemAmountGuiCan-t712PM7d.txt
		..\..\Descompilação\BASEGetItemCodeGuiCan-Bpy3gykS.txt = ..\..\Descompilação\BASEGetItemCodeGuiCan-Bpy3gykS.txt
		..\..\Descompilação\BASEGetItemSancGuiCan-j4f48Xsi.txt = ..\..\Descompilação\BASEGetItemSancGuiCan-j4f48Xsi.txt
		..\..\Descompilação\BASEGetItemSancSuccessGuiCan-5SfTzzmq.txt = ..\..\Descompilação\BASEGetItemSancSuccessGuiCan-5SfTzzmq.txt
		..\..\Descompilação\BASEGetKorFirstGuiCan-xG868RHd.txt = ..\..\Descompilação\BASEGetKorFirstGuiCan-xG868RHd.txt
		..\..\Descompilação\BASEGetLanguageGuiCan-047GuCfC.txt = ..\..\Descompilação\BASEGetLanguageGuiCan-047GuCfC.txt
		..\..\Descompilação\BASEGetLanguageGuiCan-3XTQYfTn.txt = ..\..\Descompilação\BASEGetLanguageGuiCan-3XTQYfTn.txt
		..\..\Descompilação\BASEGetLanguageGuiCan-b6eqmSn7.txt = ..\..\Descompilação\BASEGetLanguageGuiCan-b6eqmSn7.txt
		..\..\Descompilação\BASEGetLanguageGuiCan-p7efa05k.txt = ..\..\Descompilação\BASEGetLanguageGuiCan-p7efa05k.txt
		..\..\Descompilação\BASEGetLanguageGuiCan-q0zw3Rec.txt = ..\..\Descompilação\BASEGetLanguageGuiCan-q0zw3Rec.txt
		..\..\Descompilação\BASEGetLanguageGuiCan-uCZQQd0B.txt = ..\..\Descompilação\BASEGetLanguageGuiCan-uCZQQd0B.txt
		..\..\Descompilação\BASEGetLanguageGuiCan-vNKBckvf.txt = ..\..\Descompilação\BASEGetLanguageGuiCan-vNKBckvf.txt
		..\..\Descompilação\BASEGetMaxAbilityGuiCan-ayraVTiF.txt = ..\..\Descompilação\BASEGetMaxAbilityGuiCan-ayraVTiF.txt
		..\..\Descompilação\BASEGetMobAbilityGuiCan-EBnP3YwN.txt = ..\..\Descompilação\BASEGetMobAbilityGuiCan-EBnP3YwN.txt
		..\..\Descompilação\BASEGetMobCheckSumGuiCan-YMNVPQ8k.txt = ..\..\Descompilação\BASEGetMobCheckSumGuiCan-YMNVPQ8k.txt
		..\..\Descompilação\BASEGetSkillDamageGuiCan-ktuAvT8F.txt = ..\..\Descompilação\BASEGetSkillDamageGuiCan-ktuAvT8F.txt
		..\..\Descompilação\BASEGetSkillDamageGuiCan-UViQ8hnv.txt = ..\..\Descompilação\BASEGetSkillDamageGuiCan-UViQ8hnv.txt
		..\..\Descompilação\BASEGetSpeed-iU8E3pNw.txt = ..\..\Descompilação\BASEGetSpeed-iU8E3pNw.txt
		..\..\Descompilação\BASEGetSpeedGuiCan-BT8dfNMy.txt = ..\..\Descompilação\BASEGetSpeedGuiCan-BT8dfNMy.txt
		..\..\Descompilação\BASEGetStaticItemAbilityGuiCan-4bqVdNr9.txt = ..\..\Descompilação\BASEGetStaticItemAbilityGuiCan-4bqVdNr9.txt
		..\..\Descompilação\BASEGetSubGuildGuiCan-e4BCwjMr.txt = ..\..\Descompilação\BASEGetSubGuildGuiCan-e4BCwjMr.txt
		..\..\Descompilação\BASEGetSuccessRateGuiCan-EdiMs1kz.txt = ..\..\Descompilação\BASEGetSuccessRateGuiCan-EdiMs1kz.txt
		..\..\Descompilação\BASEGetSum2GuiCan-mnbiPPfR.txt = ..\..\Descompilação\BASEGetSum2GuiCan-mnbiPPfR.txt
		..\..\Descompilação\BASEGetSumGuiCan-XXvqi6dQ.txt = ..\..\Descompilação\BASEGetSumGuiCan-XXvqi6dQ.txt
		..\..\Descompilação\BASEGetVillageGuiCan-DewWDF9g.txt = ..\..\Descompilação\BASEGetVillageGuiCan-DewWDF9g.txt
		..\..\Descompilação\BASEInitializeBaseDefGuiCan-44AzkhTQ.txt = ..\..\Descompilação\BASEInitializeBaseDefGuiCan-44AzkhTQ.txt
		..\..\Descompilação\BASEInitializeMessageGuiCan-V6Rxywue.txt = ..\..\Descompilação\BASEInitializeMessageGuiCan-V6Rxywue.txt
		..\..\Descompilação\BASEInitModuleDirGuiCan-qLY0Mt5j.txt = ..\..\Descompilação\BASEInitModuleDirGuiCan-qLY0Mt5j.txt
		..\..\Descompilação\BASENeedLogGuiCan-svKR98WN.txt = ..\..\Descompilação\BASENeedLogGuiCan-svKR98WN.txt
		..\..\Descompilação\BASEReadItemListGuiCan-dsNEVnVm.txt = ..\..\Descompilação\BASEReadItemListGuiCan-dsNEVnVm.txt
		..\..\Descompilação\BASEReadSkillBinGuiCan-7r7r3CZM.txt = ..\..\Descompilação\BASEReadSkillBinGuiCan-7r7r3CZM.txt
		..\..\Descompilação\BASESetItemAmountGuiCan-jT8Xy3WC.txt = ..\..\Descompilação\BASESetItemAmountGuiCan-jT8Xy3WC.txt
		..\..\Descompilação\BASESetItemSancGuiCan-wL4RHBdy.txt = ..\..\Descompilação\BASESetItemSancGuiCan-wL4RHBdy.txt
		..\..\Descompilação\BASESortTradeItemFodex3-WD1WdRCC.txt = ..\..\Descompilação\BASESortTradeItemFodex3-WD1WdRCC.txt
		..\..\Descompilação\BASESortTradeItemGuiCan-tKJyk5m4.txt = ..\..\Descompilação\BASESortTradeItemGuiCan-tKJyk5m4.txt
		..\..\Descompilação\BASESpaceToUnderBarGuiCan-1EXhtf4c.txt = ..\..\Descompilação\BASESpaceToUnderBarGuiCan-1EXhtf4c.txt
		..\..\Descompilação\BASEUnderBarToSpaceGuiCan-ky2FjRsC.txt = ..\..\Descompilação\BASEUnderBarToSpaceGuiCan-ky2FjRsC.txt
		..\..\Descompilação\BASEWriteItemListGuiCan-FfgqR2Tv.txt = ..\..\Descompilação\BASEWriteItemListGuiCan-FfgqR2Tv.txt
		..\..\Descompilação\BASEWriteSkillBinGuiCan-v44CrkZg.txt = ..\..\Descompilação\BASEWriteSkillBinGuiCan-v44CrkZg.txt
		..\..\Descompilação\ChallangeErickMota-Fi38BsrE.txt = ..\..\Descompilação\ChallangeErickMota-Fi38BsrE.txt
		..\..\Descompilação\CharLogOutErickMota-fHdkTBRn.txt = ..\..\Descompilação\CharLogOutErickMota-fHdkTBRn.txt
		..\..\Descompilação\CheckIdleshepher-TE2Md9Wb.txt = ..\..\Descompilação\CheckIdleshepher-TE2Md9Wb.txt
		..\..\Descompilação\ClearAreaErickMota-dMRnt6SP.txt = ..\..\Descompilação\ClearAreaErickMota-dMRnt6SP.txt
		..\..\Descompilação\ClearAreaGuildErickMota-c5VLxMa7.txt = ..\..\Descompilação\ClearAreaGuildErickMota-c5VLxMa7.txt
		..\..\Descompilação\ClearAreaLevelErickMota-VkwaYSZx.txt = ..\..\Descompilação\ClearAreaLevelErickMota-VkwaYSZx.txt
		..\..\Descompilação\ClearAreaTeleportErickMota-KmrtBYAf.txt = ..\..\Descompilação\ClearAreaTeleportErickMota-KmrtBYAf.txt
		..\..\Descompilação\ClearGuildPKZoneshepher-jUYACAYr.txt = ..\..\Descompilação\ClearGuildPKZoneshepher-jUYACAYr.txt
		..\..\Descompilação\CloseSocketshepher-T4ZZxFGH.txt = ..\..\Descompilação\CloseSocketshepher-T4ZZxFGH.txt
		..\..\Descompilação\CloseUsershepher-c6MidUab.txt = ..\..\Descompilação\CloseUsershepher-c6MidUab.txt
		..\..\Descompilação\CPSock.cppGuiCan-VdQDDCXN.txt = ..\..\Descompilação\CPSock.cppGuiCan-VdQDDCXN.txt
		..\..\Descompilação\CPSock.hGuiCan-RLt0eWDD.txt = ..\..\Descompilação\CPSock.hGuiCan-RLt0eWDD.txt
		..\..\Descompilação\CreateMobErickMota-a4T8fcng.txt = ..\..\Descompilação\CreateMobErickMota-a4T8fcng.txt
		..\..\Descompilação\DeleteColoseumErickMota-x8DYQZgr.txt = ..\..\Descompilação\DeleteColoseumErickMota-x8DYQZgr.txt
		..\..\Descompilação\DoRemoveHideshepher-5abRxmbS.txt = ..\..\Descompilação\DoRemoveHideshepher-5abRxmbS.txt
		..\..\Descompilação\DoSummonErickMota-BdzsD7zq.txt = ..\..\Descompilação\DoSummonErickMota-BdzsD7zq.txt
		..\..\Descompilação\DoTeleportErickMota-u2LKw08x.txt = ..\..\Descompilação\DoTeleportErickMota-u2LKw08x.txt
		..\..\Descompilação\GenerateColoseumErickMota-zEL6FBWZ.txt = ..\..\Descompilação\GenerateColoseumErickMota-zEL6FBWZ.txt
		..\..\Descompilação\GenerateColoseumshepher-YkRWQ8bc.txt = ..\..\Descompilação\GenerateColoseumshepher-YkRWQ8bc.txt
		..\..\Descompilação\GenerateSummonFodex3-MegE4w2V.txt = ..\..\Descompilação\GenerateSummonFodex3-MegE4w2V.txt
		..\..\Descompilação\GetCurKillErickMota-qpNKPA1C.txt = ..\..\Descompilação\GetCurKillErickMota-qpNKPA1C.txt
		..\..\Descompilação\GetEmptyAffect-PPDiTj1j.txt = ..\..\Descompilação\GetEmptyAffect-PPDiTj1j.txt
		..\..\Descompilação\GetEmptyItemshepher-7HakyR0J.txt = ..\..\Descompilação\GetEmptyItemshepher-7HakyR0J.txt
		..\..\Descompilação\GetEmptyNPCMobshepher-fNvcneBV.txt = ..\..\Descompilação\GetEmptyNPCMobshepher-fNvcneBV.txt
		..\..\Descompilação\GetEmptyUsershepher-e0rZ0idb.txt = ..\..\Descompilação\GetEmptyUsershepher-e0rZ0idb.txt
		..\..\Descompilação\GetEnemyFromViewErickMota-aNEBvTZn.txt = ..\..\Descompilação\GetEnemyFromViewErickMota-aNEBvTZn.txt
		..\..\Descompilação\GetExpApplyshepher-7PQTKnwX.txt = ..\..\Descompilação\GetExpApplyshepher-7PQTKnwX.txt
		..\..\Descompilação\GetGuiltyErickMota-9qB0g1tP.txt = ..\..\Descompilação\GetGuiltyErickMota-9qB0g1tP.txt
		..\..\Descompilação\GetHideErickMota-yw5CYshg.txt = ..\..\Descompilação\GetHideErickMota-yw5CYshg.txt
		..\..\Descompilação\GetInHalfErickMota-6RdM80qy.txt = ..\..\Descompilação\GetInHalfErickMota-6RdM80qy.txt
		..\..\Descompilação\GetInViewErickMota-RaQrZaiv.txt = ..\..\Descompilação\GetInViewErickMota-RaQrZaiv.txt
		..\..\Descompilação\GetItemPointerGuiCan-09SyyXf1.txt = ..\..\Descompilação\GetItemPointerGuiCan-09SyyXf1.txt
		..\..\Descompilação\GetManaSpentshepher-9aaR0A42.txt = ..\..\Descompilação\GetManaSpentshepher-9aaR0A42.txt
		..\..\Descompilação\GetParryRateshepher-sBADfNNc.txt = ..\..\Descompilação\GetParryRateshepher-sBADfNNc.txt
		..\..\Descompilação\GetPkPointErickMota-sRcDy2RX.txt = ..\..\Descompilação\GetPkPointErickMota-sRcDy2RX.txt
		..\..\Descompilação\GetRandomPosshepher-Y5Laqahy.txt = ..\..\Descompilação\GetRandomPosshepher-Y5Laqahy.txt
		..\..\Descompilação\GetTargetPosDistanceshepher-GciBUH0j.txt = ..\..\Descompilação\GetTargetPosDistanceshepher-GciBUH0j.txt
		..\..\Descompilação\GetTotKillErickMota-5V6jz9qU.txt = ..\..\Descompilação\GetTotKillErickMota-5V6jz9qU.txt
		..\..\Descompilação\GetUserByNameshepher-L0Tp6b7R.txt = ..\..\Descompilação\GetUserByNameshepher-L0Tp6b7R.txt
		..\..\Descompilação\GetUserFromSocketshepher-bEww3Lkn.txt = ..\..\Descompilação\GetUserFromSocketshepher-bEww3Lkn.txt
		..\..\Descompilação\MainWndProcTMSrvGuiCan-vCL43ref.txt = ..\..\Descompilação\MainWndProcTMSrvGuiCan-vCL43ref.txt
		..\..\Descompilação\MobKilledErickMotanoestpronta-vDFafDdw.txt = ..\..\Descompilação\MobKilledErickMotanoestpronta-vDFafDdw.txt
		..\..\Descompilação\MobKilledshepherNoestprontamaspodeajudar-kCVg3W7N.txt = ..\..\Descompilação\MobKilledshepherNoestprontamaspodeajudar-kCVg3W7N.txt
		..\..\Descompilação\MSGTradeFodex3-83wQfL3v.txt = ..\..\Descompilação\MSGTradeFodex3-83wQfL3v.txt
		..\..\Descompilação\PartyGridMulticastErickMota-sE2mD0uY.txt = ..\..\Descompilação\PartyGridMulticastErickMota-sE2mD0uY.txt
		..\..\Descompilação\ProcessAdultMountshepher-rjgrGb8h.txt = ..\..\Descompilação\ProcessAdultMountshepher-rjgrGb8h.txt
		..\..\Descompilação\ProcessAffectshepher-6diXfrQR.txt = ..\..\Descompilação\ProcessAffectshepher-6diXfrQR.txt
		..\..\Descompilação\ProcessClientMessageGuiCan-XLUjWQfc.txt = ..\..\Descompilação\ProcessClientMessageGuiCan-XLUjWQfc.txt
		..\..\Descompilação\ProcessClientMessageGuiCanUpdate-M2Qn2ZnR.txt = ..\..\Descompilação\ProcessClientMessageGuiCanUpdate-M2Qn2ZnR.txt
		..\..\Descompilação\ProcessClientMessageGuiCanUpdate16012014-CZGNK4gn.txt = ..\..\Descompilação\ProcessClientMessageGuiCanUpdate16012014-CZGNK4gn.txt
		..\..\Descompilação\ProcessClientMessageGuiCanUpdate19012014-bQxj5qDK.txt = ..\..\Descompilação\ProcessClientMessageGuiCanUpdate19012014-bQxj5qDK.txt
		..\..\Descompilação\ProcessSecTimershepher-GtFa5RLa.txt = ..\..\Descompilação\ProcessSecTimershepher-GtFa5RLa.txt
		..\..\Descompilação\ProjetoBaseVS2012GuiCan-x4SWyQmf.txt = ..\..\Descompilação\ProjetoBaseVS2012GuiCan-x4SWyQmf.txt
		..\..\Descompilação\RegenMobFodex3-gbXvz2hy.txt = ..\..\Descompilação\RegenMobFodex3-gbXvz2hy.txt
		..\..\Descompilação\RemovePartyErickMota-s04g7qfm.txt = ..\..\Descompilação\RemovePartyErickMota-s04g7qfm.txt
		..\..\Descompilação\RemoveTradeFodex3-nXRWQhuv.txt = ..\..\Descompilação\RemoveTradeFodex3-nXRWQhuv.txt
		..\..\Descompilação\SaveAllErickMota-rjXEHFnt.txt = ..\..\Descompilação\SaveAllErickMota-rjXEHFnt.txt
		..\..\Descompilação\SelectEnemyFromViewshepher-R4NZh3gy.txt = ..\..\Descompilação\SelectEnemyFromViewshepher-R4NZh3gy.txt
		..\..\Descompilação\SendAddPartyFodex3-XpYBg4Vq.txt = ..\..\Descompilação\SendAddPartyFodex3-XpYBg4Vq.txt
		..\..\Descompilação\SendCargoCoinshepher-mXUV9xA5.txt = ..\..\Descompilação\SendCargoCoinshepher-mXUV9xA5.txt
		..\..\Descompilação\SendGuildNoticeErickMota-QLcWTyu0.txt = ..\..\Descompilação\SendGuildNoticeErickMota-QLcWTyu0.txt
		..\..\Descompilação\SendHpModeshepher-PMsYtRaa.txt = ..\..\Descompilação\SendHpModeshepher-PMsYtRaa.txt
		..\..\Descompilação\SendNoticeAreaErickMota-PeUj3KRf.txt = ..\..\Descompilação\SendNoticeAreaErickMota-PeUj3KRf.txt
		..\..\Descompilação\Server.cppTMSRVGuiCan-LSxA1Hyk.txt = ..\..\Descompilação\Server.cppTMSRVGuiCan-LSxA1Hyk.txt
		..\..\Descompilação\SetAffectshepher-m39Rdqk9.txt = ..\..\Descompilação\SetAffectshepher-m39Rdqk9.txt
		..\..\Descompilação\SetBattleErickmota-US0upanK.txt = ..\..\Descompilação\SetBattleErickmota-US0upanK.txt
		..\..\Descompilação\SetGuiltyErickMota-viEVNCY8.txt = ..\..\Descompilação\SetGuiltyErickMota-viEVNCY8.txt
		..\..\Descompilação\SetItemBonusshepher-U3SBGTQ7.txt = ..\..\Descompilação\SetItemBonusshepher-U3SBGTQ7.txt
		..\..\Descompilação\SetReqHpErickMota-USDTQ0JP.txt = ..\..\Descompilação\SetReqHpErickMota-USDTQ0JP.txt
		..\..\Descompilação\SetReqMpErickMota-HbPi881P.txt = ..\..\Descompilação\SetReqMpErickMota-HbPi881P.txt
		..\..\Descompilação\SetSegmentshepher-UW9U4bw8.txt = ..\..\Descompilação\SetSegmentshepher-UW9U4bw8.txt
		..\..\Descompilação\SetTickshepher-sCP3MxX4.txt = ..\..\Descompilação\SetTickshepher-sCP3MxX4.txt
		..\..\Descompilação\SkillTrovoCopletaAdicionarnaProcessAffect-PR6Jm6jx.txt = ..\..\Descompilação\SkillTrovoCopletaAdicionarnaProcessAffect-PR6Jm6jx.txt
		..\..\Descompilação\SummonGuildErickMota-wFRinfE3.txt = ..\..\Descompilação\SummonGuildErickMota-wFRinfE3.txt
		..\..\Descompilação\WinMainGuiCan-GkNc0gk6.txt = ..\..\Descompilação\WinMainGuiCan-GkNc0gk6.txt
		..\..\Descompilação\WYD203012014GuiCan-eeLkJc4Y.txt = ..\..\Descompilação\WYD203012014GuiCan-eeLkJc4Y.txt
	EndProjectSection
EndProject
Project("{8BC9CEB8-8B4A-11D0-8D11-00A0C91BC942}") = "clientside", "..\..\clientside\clientside\clientside.vcxproj", "{0DD34FEA-4625-46E1-A0EF-AEF4B77E3753}"
EndProject
Project("{8BC9CEB8-8B4A-11D0-8D11-00A0C91BC942}") = "Visualizador Remoto", "Visualizador Remoto\Visualizador Remoto.vcxproj", "{B2B6B531-0828-4387-B792-F039A4A52349}"
EndProject
Project("{8BC9CEB8-8B4A-11D0-8D11-00A0C91BC942}") = "FileSodEdit", "MountEdit\MountEdit.vcxproj", "{1333D53C-7C98-47BF-886F-B4AFB75FDB7B}"
EndProject
Global
	GlobalSection(SolutionConfigurationPlatforms) = preSolution
		Debug|Win32 = Debug|Win32
		Release|Win32 = Release|Win32
	EndGlobalSection
	GlobalSection(ProjectConfigurationPlatforms) = postSolution
		{C57DE435-96D9-4BEA-966A-602C97FE6CE2}.Debug|Win32.ActiveCfg = Debug|Win32
		{C57DE435-96D9-4BEA-966A-602C97FE6CE2}.Debug|Win32.Build.0 = Debug|Win32
		{C57DE435-96D9-4BEA-966A-602C97FE6CE2}.Release|Win32.ActiveCfg = Release|Win32
		{C57DE435-96D9-4BEA-966A-602C97FE6CE2}.Release|Win32.Build.0 = Release|Win32
		{A459CDD9-DFE3-44A7-B6D8-FA25F3C2BA25}.Debug|Win32.ActiveCfg = Debug|Win32
		{A459CDD9-DFE3-44A7-B6D8-FA25F3C2BA25}.Debug|Win32.Build.0 = Debug|Win32
		{A459CDD9-DFE3-44A7-B6D8-FA25F3C2BA25}.Release|Win32.ActiveCfg = Release|Win32
		{A459CDD9-DFE3-44A7-B6D8-FA25F3C2BA25}.Release|Win32.Build.0 = Release|Win32
		{89D78363-D935-483F-BBC8-44E35297E110}.Debug|Win32.ActiveCfg = Debug|Win32
		{89D78363-D935-483F-BBC8-44E35297E110}.Debug|Win32.Build.0 = Debug|Win32
		{89D78363-D935-483F-BBC8-44E35297E110}.Release|Win32.ActiveCfg = Release|Win32
		{89D78363-D935-483F-BBC8-44E35297E110}.Release|Win32.Build.0 = Release|Win32
		{479A4DAF-419B-49DD-B569-D3F9710B7407}.Debug|Win32.ActiveCfg = Debug|Win32
		{479A4DAF-419B-49DD-B569-D3F9710B7407}.Debug|Win32.Build.0 = Debug|Win32
		{479A4DAF-419B-49DD-B569-D3F9710B7407}.Release|Win32.ActiveCfg = Release|Win32
		{479A4DAF-419B-49DD-B569-D3F9710B7407}.Release|Win32.Build.0 = Release|Win32
		{7A2A0DAF-C2F2-4166-A5BC-EF3CC5446ECB}.Debug|Win32.ActiveCfg = Debug|Win32
		{7A2A0DAF-C2F2-4166-A5BC-EF3CC5446ECB}.Debug|Win32.Build.0 = Debug|Win32
		{7A2A0DAF-C2F2-4166-A5BC-EF3CC5446ECB}.Release|Win32.ActiveCfg = Release|Win32
		{7A2A0DAF-C2F2-4166-A5BC-EF3CC5446ECB}.Release|Win32.Build.0 = Release|Win32
		{0DD34FEA-4625-46E1-A0EF-AEF4B77E3753}.Debug|Win32.ActiveCfg = Debug|Win32
		{0DD34FEA-4625-46E1-A0EF-AEF4B77E3753}.Debug|Win32.Build.0 = Debug|Win32
		{0DD34FEA-4625-46E1-A0EF-AEF4B77E3753}.Release|Win32.ActiveCfg = Release|Win32
		{0DD34FEA-4625-46E1-A0EF-AEF4B77E3753}.Release|Win32.Build.0 = Release|Win32
		{B2B6B531-0828-4387-B792-F039A4A52349}.Debug|Win32.ActiveCfg = Debug|Win32
		{B2B6B531-0828-4387-B792-F039A4A52349}.Debug|Win32.Build.0 = Debug|Win32
		{B2B6B531-0828-4387-B792-F039A4A52349}.Release|Win32.ActiveCfg = Release|Win32
		{B2B6B531-0828-4387-B792-F039A4A52349}.Release|Win32.Build.0 = Release|Win32
		{1333D53C-7C98-47BF-886F-B4AFB75FDB7B}.Debug|Win32.ActiveCfg = Debug|Win32
		{1333D53C-7C98-47BF-886F-B4AFB75FDB7B}.Debug|Win32.Build.0 = Debug|Win32
		{1333D53C-7C98-47BF-886F-B4AFB75FDB7B}.Release|Win32.ActiveCfg = Release|Win32
		{1333D53C-7C98-47BF-886F-B4AFB75FDB7B}.Release|Win32.Build.0 = Release|Win32
	EndGlobalSection
	GlobalSection(SolutionProperties) = preSolution
		HideSolutionNode = FALSE
	EndGlobalSection
	GlobalSection(NestedProjects) = preSolution
		{FFF77264-5F13-4B1A-8AAB-FBAD0380E6CE} = {3233E847-10DF-45ED-83A7-FFAC95666C1A}
		{D8FFE3CD-0E62-41F0-BC7B-EB85503455F9} = {3233E847-10DF-45ED-83A7-FFAC95666C1A}
		{A459CDD9-DFE3-44A7-B6D8-FA25F3C2BA25} = {3B0B471E-E4A7-4FEF-8CB4-B0A1BD3E13AE}
		{89D78363-D935-483F-BBC8-44E35297E110} = {3B0B471E-E4A7-4FEF-8CB4-B0A1BD3E13AE}
		{0DD34FEA-4625-46E1-A0EF-AEF4B77E3753} = {3B0B471E-E4A7-4FEF-8CB4-B0A1BD3E13AE}
		{C57DE435-96D9-4BEA-966A-602C97FE6CE2} = {FFF77264-5F13-4B1A-8AAB-FBAD0380E6CE}
		{479A4DAF-419B-49DD-B569-D3F9710B7407} = {5F50E429-86D1-4FAC-8B99-1A49CA39AF59}
		{7A2A0DAF-C2F2-4166-A5BC-EF3CC5446ECB} = {5F50E429-86D1-4FAC-8B99-1A49CA39AF59}
	EndGlobalSection
EndGlobal
